# THIS IS AN AUTOGENERATED FILE. DO NOT EDIT THIS FILE DIRECTLY.
# yarn lockfile v1


lodash@^4.17.21:
  version "4.17.21"
  resolved "https://registry.npm.taobao.org/lodash/download/lodash-4.17.21.tgz?cache=0&sync_timestamp=1613835838133&other_urls=https%3A%2F%2Fregistry.npm.taobao.org%2Flodash%2Fdownload%2Flodash-4.17.21.tgz#679591c564c3bffaae8454cf0b3df370c3d6911c"
  integrity sha1-Z5WRxWTDv/quhFTPCz3zcMPWkRw=

moment@^2.29.1:
  version "2.29.1"
  resolved "https://registry.npmmirror.com/moment/download/moment-2.29.1.tgz#b2be769fa31940be9eeea6469c075e35006fa3d3"
  integrity sha1-sr52n6MZQL6e7qZGnAdeNQBvo9M=

qrcodejs2@0.0.2:
  version "0.0.2"
  resolved "https://registry.npm.taobao.org/qrcodejs2/download/qrcodejs2-0.0.2.tgz#465afe5e39f19facecb932c11f7a186109146ae1"
  integrity sha1-Rlr+Xjnxn6zsuTLBH3oYYQkUauE=

umtrack-wx@^2.7.1:
  version "2.7.1"
  resolved "https://registry.npmmirror.com/umtrack-wx/download/umtrack-wx-2.7.1.tgz#e4b1460f75a65c481e4e58ee953b038a86743862"
  integrity sha1-5LFGD3WmXEgeTljulTsDioZ0OGI=
